<?xml version="1.0" encoding="utf-8"?>
<Project ToolsVersion="4.0" xmlns="http://schemas.microsoft.com/developer/msbuild/2003">
  <ItemGroup>
    <Filter Include="app"><UniqueIdentifier>{C2A82B3E-0CF3-4D43-9186-7CD378B263DE}</UniqueIdentifier></Filter>
    <Filter Include="media"><UniqueIdentifier>{1FE04B03-63BA-42A6-811A-A183584019FF}</UniqueIdentifier></Filter>
    <Filter Include="platform"><UniqueIdentifier>{3031F123-05F7-4370-8819-676FF6AE433B}</UniqueIdentifier></Filter>
    <Filter Include="project"><UniqueIdentifier>{5AB9E70D-92B2-4B0F-92B9-F75D380FA3FA}</UniqueIdentifier></Filter>
    <Filter Include="render"><UniqueIdentifier>{6FE47E68-D83C-493E-B9FA-6FB231E46EE3}</UniqueIdentifier></Filter>
    <Filter Include="timeline"><UniqueIdentifier>{A4E1E2BB-CB09-4C34-9A3C-576613457BD1}</UniqueIdentifier></Filter>
    <Filter Include="ui"><UniqueIdentifier>{4EB19B2D-DB19-4A40-9977-C2CA7E12E3C9}</UniqueIdentifier></Filter>
  </ItemGroup>
  <ItemGroup>
    <ClCompile Include="..\src\app\main.cpp"><Filter>app</Filter></ClCompile>
    <ClCompile Include="..\src\app\Editor.cpp"><Filter>app</Filter></ClCompile>
    <ClCompile Include="..\src\ui\ClipInspector.cpp"><Filter>ui</Filter></ClCompile>
    <ClCompile Include="..\src\app\EditorState.cpp"><Filter>app</Filter></ClCompile>
    <ClCompile Include="..\src\project\ClipPresetLibrary.cpp"><Filter>project</Filter></ClCompile>
    <ClCompile Include="..\src\ui\SequenceInspector.cpp"><Filter>ui</Filter></ClCompile>
    <ClCompile Include="..\src\project\EditHistory.cpp"><Filter>project</Filter></ClCompile>
    <ClCompile Include="..\src\project\ProjectData.cpp"><Filter>project</Filter></ClCompile>
    <ClCompile Include="..\src\timeline\TimelineController.cpp"><Filter>timeline</Filter></ClCompile>
    <ClCompile Include="..\src\ui\TimelineView.cpp"><Filter>ui</Filter></ClCompile>
    <ClCompile Include="..\src\timeline\WaveformAlignment.cpp"><Filter>timeline</Filter></ClCompile>
    <ClCompile Include="..\src\media\MediaImportController.cpp"><Filter>media</Filter></ClCompile>
    <ClCompile Include="..\src\media\MediaThumbnailController.cpp"><Filter>media</Filter></ClCompile>
    <ClCompile Include="..\src\media\MediaProbe.cpp"><Filter>media</Filter></ClCompile>
    <ClCompile Include="..\src\media\MediaDecoder.cpp"><Filter>media</Filter></ClCompile>
    <ClCompile Include="..\src\render\PreviewController.cpp"><Filter>render</Filter></ClCompile>
    <ClCompile Include="..\src\media\PreviewFrameCache.cpp"><Filter>media</Filter></ClCompile>
    <ClCompile Include="..\src\app\RecentProjects.cpp"><Filter>app</Filter></ClCompile>
    <ClCompile Include="..\src\media\AudioWaveformCache.cpp"><Filter>media</Filter></ClCompile>
    <ClCompile Include="..\src\render\AudioGraphBuilder.cpp"><Filter>render</Filter></ClCompile>
    <ClCompile Include="..\src\render\SequenceAudioController.cpp"><Filter>render</Filter></ClCompile>
    <ClCompile Include="..\src\render\SequenceAudioRenderer.cpp"><Filter>render</Filter></ClCompile>
    <ClCompile Include="..\src\render\SequenceRenderPlan.cpp"><Filter>render</Filter></ClCompile>
    <ClCompile Include="..\src\render\ExportController.cpp"><Filter>render</Filter></ClCompile>
    <ClCompile Include="..\src\render\VideoRenderer.cpp"><Filter>render</Filter></ClCompile>
    <ClCompile Include="..\src\render\VideoExporter.cpp"><Filter>render</Filter></ClCompile>
    <ClCompile Include="..\src\render\VideoCompositor.cpp"><Filter>render</Filter></ClCompile>
    <ClCompile Include="..\src\platform\ProcessUtils.cpp"><Filter>platform</Filter></ClCompile>
    <ClCompile Include="..\src\media\FfmpegProcess.cpp"><Filter>media</Filter></ClCompile>
    <ClCompile Include="..\src\platform\ProcessRunner.cpp"><Filter>platform</Filter></ClCompile>
    <ClCompile Include="..\src\media\MediaTools.cpp"><Filter>media</Filter></ClCompile>
  </ItemGroup>
  <ItemGroup>
    <ClInclude Include="..\src\app\Editor.h"><Filter>app</Filter></ClInclude>
    <ClInclude Include="..\src\app\Themes.hpp"><Filter>app</Filter></ClInclude>
    <ClInclude Include="..\src\ui\ClipInspector.h"><Filter>ui</Filter></ClInclude>
    <ClInclude Include="..\src\project\ClipSettings.hpp"><Filter>project</Filter></ClInclude>
    <ClInclude Include="..\src\project\ClipSettingsJson.hpp"><Filter>project</Filter></ClInclude>
    <ClInclude Include="..\src\project\ClipPresetLibrary.h"><Filter>project</Filter></ClInclude>
    <ClInclude Include="..\src\ui\SequenceInspector.h"><Filter>ui</Filter></ClInclude>
    <ClInclude Include="..\src\app\EditorState.h"><Filter>app</Filter></ClInclude>
    <ClInclude Include="..\src\project\ProjectData.h"><Filter>project</Filter></ClInclude>
    <ClInclude Include="..\src\project\ProjectFile.hpp"><Filter>project</Filter></ClInclude>
    <ClInclude Include="..\src\project\EditHistory.h"><Filter>project</Filter></ClInclude>
    <ClInclude Include="..\src\timeline\Sequence.hpp"><Filter>timeline</Filter></ClInclude>
    <ClInclude Include="..\src\timeline\TimelineController.h"><Filter>timeline</Filter></ClInclude>
    <ClInclude Include="..\src\ui\TimelineView.h"><Filter>ui</Filter></ClInclude>
    <ClInclude Include="..\src\timeline\WaveformAlignment.h"><Filter>timeline</Filter></ClInclude>
    <ClInclude Include="..\src\media\MediaImportController.h"><Filter>media</Filter></ClInclude>
    <ClInclude Include="..\src\media\MediaThumbnailController.h"><Filter>media</Filter></ClInclude>
    <ClInclude Include="..\src\media\MediaProbe.h"><Filter>media</Filter></ClInclude>
    <ClInclude Include="..\src\media\MediaDecoder.h"><Filter>media</Filter></ClInclude>
    <ClInclude Include="..\src\render\PreviewController.h"><Filter>render</Filter></ClInclude>
    <ClInclude Include="..\src\media\PreviewFrameCache.h"><Filter>media</Filter></ClInclude>
    <ClInclude Include="..\src\app\RecentProjects.h"><Filter>app</Filter></ClInclude>
    <ClInclude Include="..\src\media\AudioWaveformCache.h"><Filter>media</Filter></ClInclude>
    <ClInclude Include="..\src\render\AudioGraphBuilder.h"><Filter>render</Filter></ClInclude>
    <ClInclude Include="..\src\render\SequenceAudioController.h"><Filter>render</Filter></ClInclude>
    <ClInclude Include="..\src\render\SequenceAudioRenderer.h"><Filter>render</Filter></ClInclude>
    <ClInclude Include="..\src\render\SequenceRenderPlan.h"><Filter>render</Filter></ClInclude>
    <ClInclude Include="..\src\render\ExportController.h"><Filter>render</Filter></ClInclude>
    <ClInclude Include="..\src\project\ExportSettings.h"><Filter>project</Filter></ClInclude>
    <ClInclude Include="..\src\render\VideoRenderer.h"><Filter>render</Filter></ClInclude>
    <ClInclude Include="..\src\render\VideoExporter.h"><Filter>render</Filter></ClInclude>
    <ClInclude Include="..\src\render\VideoCompositor.h"><Filter>render</Filter></ClInclude>
    <ClInclude Include="..\src\platform\ProcessUtils.h"><Filter>platform</Filter></ClInclude>
    <ClInclude Include="..\src\media\FfmpegProcess.h"><Filter>media</Filter></ClInclude>
    <ClInclude Include="..\src\platform\ProcessRunner.h"><Filter>platform</Filter></ClInclude>
    <ClInclude Include="..\src\media\MediaTools.h"><Filter>media</Filter></ClInclude>
  </ItemGroup>
</Project>
